Microsoft Visual Studio Solution File, Format Version 12.00
# Visual Studio Version 17
VisualStudioVersion = 17.5.2.0
MinimumVisualStudioVersion = 10.0.40219.1
Project("{FAE04EC0-301F-11D3-BF4B-00C04F79EFBC}") = "TestFirst1", "TestFirst1.csproj", "{27335A86-A584-DD4D-4331-87D3BCA5F182}"
EndProject
Global
	GlobalSection(SolutionConfigurationPlatforms) = preSolution
		Debug|Any CPU = Debug|Any CPU
		Release|Any CPU = Release|Any CPU
	EndGlobalSection
	GlobalSection(ProjectConfigurationPlatforms) = postSolution
		{27335A86-A584-DD4D-4331-87D3BCA5F182}.Debug|Any CPU.ActiveCfg = Debug|Any CPU
		{27335A86-A584-DD4D-4331-87D3BCA5F182}.Debug|Any CPU.Build.0 = Debug|Any CPU
		{27335A86-A584-DD4D-4331-87D3BCA5F182}.Release|Any CPU.ActiveCfg = Release|Any CPU
		{27335A86-A584-DD4D-4331-87D3BCA5F182}.Release|Any CPU.Build.0 = Release|Any CPU
	EndGlobalSection
	GlobalSection(SolutionProperties) = preSolution
		HideSolutionNode = FALSE
	EndGlobalSection
	GlobalSection(ExtensibilityGlobals) = postSolution
		SolutionGuid = {A5C8BFC8-5049-442D-803C-314AAC30B71A}
	EndGlobalSection
EndGlobal
